
Microsoft Visual Studio Solution File, Format Version 12.00
# Visual Studio Version 17
VisualStudioVersion = 17.5.33424.131
MinimumVisualStudioVersion = 10.0.40219.1
Project("{9A19103F-16F7-4668-BE54-9A1E7A4F7556}") = "TAO.AzureStorage", "TAO.AzureStorage\TAO.AzureStorage.csproj", "{ADE5AB53-A9A8-48DF-B3EC-C74C90E797C9}"
EndProject
Project("{FAE04EC0-301F-11D3-BF4B-00C04F79EFBC}") = "MVCWebApp", "MVCWebApp\MVCWebApp.csproj", "{78E932F6-E52D-4E3F-BC41-B5EF68E6D2D1}"
EndProject
Global
	GlobalSection(SolutionConfigurationPlatforms) = preSolution
		Debug|Any CPU = Debug|Any CPU
		Release|Any CPU = Release|Any CPU
	EndGlobalSection
	GlobalSection(ProjectConfigurationPlatforms) = postSolution
		{ADE5AB53-A9A8-48DF-B3EC-C74C90E797C9}.Debug|Any CPU.ActiveCfg = Debug|Any CPU
		{ADE5AB53-A9A8-48DF-B3EC-C74C90E797C9}.Debug|Any CPU.Build.0 = Debug|Any CPU
		{ADE5AB53-A9A8-48DF-B3EC-C74C90E797C9}.Release|Any CPU.ActiveCfg = Release|Any CPU
		{ADE5AB53-A9A8-48DF-B3EC-C74C90E797C9}.Release|Any CPU.Build.0 = Release|Any CPU
		{78E932F6-E52D-4E3F-BC41-B5EF68E6D2D1}.Debug|Any CPU.ActiveCfg = Debug|Any CPU
		{78E932F6-E52D-4E3F-BC41-B5EF68E6D2D1}.Debug|Any CPU.Build.0 = Debug|Any CPU
		{78E932F6-E52D-4E3F-BC41-B5EF68E6D2D1}.Release|Any CPU.ActiveCfg = Release|Any CPU
		{78E932F6-E52D-4E3F-BC41-B5EF68E6D2D1}.Release|Any CPU.Build.0 = Release|Any CPU
	EndGlobalSection
	GlobalSection(SolutionProperties) = preSolution
		HideSolutionNode = FALSE
	EndGlobalSection
	GlobalSection(ExtensibilityGlobals) = postSolution
		SolutionGuid = {8040228A-7839-4F9E-9124-AF3A71B8FE6F}
	EndGlobalSection
EndGlobal
